
Microsoft Visual Studio Solution File, Format Version 12.00
# Visual Studio Version 16
VisualStudioVersion = 16.0.28803.352
MinimumVisualStudioVersion = 10.0.40219.1
Project("{FAE04EC0-301F-11D3-BF4B-00C04F79EFBC}") = "EasyAdmin.gym management system", "EasyAdmin.gym management system.csproj", "{EEC68156-1669-42A5-8924-0A4ED0E89A9C}"
EndProject
Global
	GlobalSection(SolutionConfigurationPlatforms) = preSolution
		Debug|Any CPU = Debug|Any CPU
		Release|Any CPU = Release|Any CPU
	EndGlobalSection
	GlobalSection(ProjectConfigurationPlatforms) = postSolution
		{EEC68156-1669-42A5-8924-0A4ED0E89A9C}.Debug|Any CPU.ActiveCfg = Debug|Any CPU
		{EEC68156-1669-42A5-8924-0A4ED0E89A9C}.Debug|Any CPU.Build.0 = Debug|Any CPU
		{EEC68156-1669-42A5-8924-0A4ED0E89A9C}.Release|Any CPU.ActiveCfg = Release|Any CPU
		{EEC68156-1669-42A5-8924-0A4ED0E89A9C}.Release|Any CPU.Build.0 = Release|Any CPU
	EndGlobalSection
	GlobalSection(SolutionProperties) = preSolution
		HideSolutionNode = FALSE
	EndGlobalSection
	GlobalSection(ExtensibilityGlobals) = postSolution
		SolutionGuid = {E00041B7-C40E-499D-A6B8-DA55C93233C8}
	EndGlobalSection
EndGlobal
